<?xml version="1.0" encoding="UTF-8" standalone="yes" ?>
<CodeBlocks_project_file>
	<FileVersion major="1" minor="6" />
	<Project>
		<Option title="PruebaHeaders" />
		<Option pch_mode="2" />
		<Option compiler="gcc" />
		<Build>
			<Target title="Debug">
				<Option output="bin/Debug/PruebaHeaders" prefix_auto="1" extension_auto="1" />
				<Option working_dir="C:/Program Files/CodeBlocks/MinGW/bin" />
				<Option object_output="obj/Debug/" />
				<Option type="1" />
				<Option compiler="gcc" />
				<Compiler>
					<Add option="-g" />
				</Compiler>
			</Target>
			<Target title="Release">
				<Option output="bin/Release/PruebaHeaders" prefix_auto="1" extension_auto="1" />
				<Option working_dir="C:/Program Files/CodeBlocks/MinGW/bin" />
				<Option object_output="obj/Release/" />
				<Option type="0" />
				<Option compiler="gcc" />
				<Compiler>
					<Add option="-O2" />
				</Compiler>
				<Linker>
					<Add option="-s" />
				</Linker>
			</Target>
		</Build>
		<Compiler>
			<Add option="-Wall" />
			<Add directory="C:/Program Files/CodeBlocks/MinGW/include" />
		</Compiler>
		<Linker>
			<Add library="freeglut" />
			<Add library="opengl32" />
			<Add library="glu32" />
			<Add library="winmm" />
			<Add library="gdi32" />
			<Add directory="C:/Program Files/CodeBlocks/MinGW/lib" />
		</Linker>
		<Unit filename="Escena/scene.cpp" />
		<Unit filename="Escena/scene.h" />
		<Unit filename="Herramientas/matrix.cpp" />
		<Unit filename="Herramientas/matrix.h" />
		<Unit filename="Objetos/circulo.cpp" />
		<Unit filename="Objetos/circulo.h" />
		<Unit filename="Objetos/cottage.cpp" />
		<Unit filename="Objetos/cottage.h" />
		<Unit filename="Objetos/linea.cpp" />
		<Unit filename="Objetos/linea.h" />
		<Unit filename="Objetos/punto.cpp" />
		<Unit filename="Objetos/punto.h">
			<Option target="&lt;{~None~}&gt;" />
		</Unit>
		<Unit filename="Objetos/sun.cpp" />
		<Unit filename="Objetos/sun.h" />
		<Unit filename="Objetos/triangulo.cpp" />
		<Unit filename="Objetos/triangulo.h" />
		<Unit filename="Objetos/vaca.cpp" />
		<Unit filename="Objetos/vaca.h" />
		<Unit filename="main.cpp" />
		<Extensions>
			<lib_finder disable_auto="1" />
		</Extensions>
	</Project>
</CodeBlocks_project_file>
